
Microsoft Visual Studio Solution File, Format Version 12.00
# Visual Studio Version 16
VisualStudioVersion = 16.0.31105.61
MinimumVisualStudioVersion = 10.0.40219.1
Project("{FAE04EC0-301F-11D3-BF4B-00C04F79EFBC}") = "ValProfiler", "ValProfiler\ValProfiler.csproj", "{1603E238-8904-403A-8402-B5D4744605E9}"
EndProject
Global
	GlobalSection(SolutionConfigurationPlatforms) = preSolution
		Debug|Any CPU = Debug|Any CPU
		Release|Any CPU = Release|Any CPU
	EndGlobalSection
	GlobalSection(ProjectConfigurationPlatforms) = postSolution
		{1603E238-8904-403A-8402-B5D4744605E9}.Debug|Any CPU.ActiveCfg = Debug|Any CPU
		{1603E238-8904-403A-8402-B5D4744605E9}.Debug|Any CPU.Build.0 = Debug|Any CPU
		{1603E238-8904-403A-8402-B5D4744605E9}.Release|Any CPU.ActiveCfg = Release|Any CPU
		{1603E238-8904-403A-8402-B5D4744605E9}.Release|Any CPU.Build.0 = Release|Any CPU
	EndGlobalSection
	GlobalSection(SolutionProperties) = preSolution
		HideSolutionNode = FALSE
	EndGlobalSection
	GlobalSection(ExtensibilityGlobals) = postSolution
		SolutionGuid = {3B3D0509-D6F8-467C-98F3-F9C06E94F54C}
	EndGlobalSection
EndGlobal
